
Microsoft Visual Studio Solution File, Format Version 12.00
# Visual Studio Version 16
VisualStudioVersion = 16.0.29911.84
MinimumVisualStudioVersion = 10.0.40219.1
Project("{8BC9CEB8-8B4A-11D0-8D11-00A0C91BC942}") = "Tree", "Tree\Tree.vcxproj", "{64ED9EF1-0DF5-40D9-A45D-936AE32294C0}"
EndProject
Global
	GlobalSection(SolutionConfigurationPlatforms) = preSolution
		Debug|x64 = Debug|x64
		Debug|x86 = Debug|x86
		Release|x64 = Release|x64
		Release|x86 = Release|x86
	EndGlobalSection
	GlobalSection(ProjectConfigurationPlatforms) = postSolution
		{64ED9EF1-0DF5-40D9-A45D-936AE32294C0}.Debug|x64.ActiveCfg = Debug|x64
		{64ED9EF1-0DF5-40D9-A45D-936AE32294C0}.Debug|x64.Build.0 = Debug|x64
		{64ED9EF1-0DF5-40D9-A45D-936AE32294C0}.Debug|x86.ActiveCfg = Debug|Win32
		{64ED9EF1-0DF5-40D9-A45D-936AE32294C0}.Debug|x86.Build.0 = Debug|Win32
		{64ED9EF1-0DF5-40D9-A45D-936AE32294C0}.Release|x64.ActiveCfg = Release|x64
		{64ED9EF1-0DF5-40D9-A45D-936AE32294C0}.Release|x64.Build.0 = Release|x64
		{64ED9EF1-0DF5-40D9-A45D-936AE32294C0}.Release|x86.ActiveCfg = Release|Win32
		{64ED9EF1-0DF5-40D9-A45D-936AE32294C0}.Release|x86.Build.0 = Release|Win32
	EndGlobalSection
	GlobalSection(SolutionProperties) = preSolution
		HideSolutionNode = FALSE
	EndGlobalSection
	GlobalSection(ExtensibilityGlobals) = postSolution
		SolutionGuid = {C32F3994-66D0-446E-8253-E8A1B43B1A3C}
	EndGlobalSection
EndGlobal
