
Microsoft Visual Studio Solution File, Format Version 12.00
# Visual Studio Version 16
VisualStudioVersion = 16.0.29926.136
MinimumVisualStudioVersion = 10.0.40219.1
Project("{8BC9CEB8-8B4A-11D0-8D11-00A0C91BC942}") = "Linear Probing", "Linear Probing\Linear Probing.vcxproj", "{38BBA862-18AB-440B-954C-49D75E77A206}"
EndProject
Global
	GlobalSection(SolutionConfigurationPlatforms) = preSolution
		Debug|x64 = Debug|x64
		Debug|x86 = Debug|x86
		Release|x64 = Release|x64
		Release|x86 = Release|x86
	EndGlobalSection
	GlobalSection(ProjectConfigurationPlatforms) = postSolution
		{38BBA862-18AB-440B-954C-49D75E77A206}.Debug|x64.ActiveCfg = Debug|x64
		{38BBA862-18AB-440B-954C-49D75E77A206}.Debug|x64.Build.0 = Debug|x64
		{38BBA862-18AB-440B-954C-49D75E77A206}.Debug|x86.ActiveCfg = Debug|Win32
		{38BBA862-18AB-440B-954C-49D75E77A206}.Debug|x86.Build.0 = Debug|Win32
		{38BBA862-18AB-440B-954C-49D75E77A206}.Release|x64.ActiveCfg = Release|x64
		{38BBA862-18AB-440B-954C-49D75E77A206}.Release|x64.Build.0 = Release|x64
		{38BBA862-18AB-440B-954C-49D75E77A206}.Release|x86.ActiveCfg = Release|Win32
		{38BBA862-18AB-440B-954C-49D75E77A206}.Release|x86.Build.0 = Release|Win32
	EndGlobalSection
	GlobalSection(SolutionProperties) = preSolution
		HideSolutionNode = FALSE
	EndGlobalSection
	GlobalSection(ExtensibilityGlobals) = postSolution
		SolutionGuid = {C71848E6-8612-4EA6-A9BA-D9B03386E516}
	EndGlobalSection
EndGlobal
