
Microsoft Visual Studio Solution File, Format Version 12.00
# Visual Studio 15
VisualStudioVersion = 15.0.28307.168
MinimumVisualStudioVersion = 10.0.40219.1
Project("{FAE04EC0-301F-11D3-BF4B-00C04F79EFBC}") = "matrix multiplication", "matrix multiplication\matrix multiplication.csproj", "{4F5FF8B6-A32F-4C62-BE61-A38111104824}"
EndProject
Global
	GlobalSection(SolutionConfigurationPlatforms) = preSolution
		Debug|Any CPU = Debug|Any CPU
		Release|Any CPU = Release|Any CPU
	EndGlobalSection
	GlobalSection(ProjectConfigurationPlatforms) = postSolution
		{4F5FF8B6-A32F-4C62-BE61-A38111104824}.Debug|Any CPU.ActiveCfg = Debug|Any CPU
		{4F5FF8B6-A32F-4C62-BE61-A38111104824}.Debug|Any CPU.Build.0 = Debug|Any CPU
		{4F5FF8B6-A32F-4C62-BE61-A38111104824}.Release|Any CPU.ActiveCfg = Release|Any CPU
		{4F5FF8B6-A32F-4C62-BE61-A38111104824}.Release|Any CPU.Build.0 = Release|Any CPU
	EndGlobalSection
	GlobalSection(SolutionProperties) = preSolution
		HideSolutionNode = FALSE
	EndGlobalSection
	GlobalSection(ExtensibilityGlobals) = postSolution
		SolutionGuid = {D5C5CE24-D947-4347-B4D7-EED08303D50B}
	EndGlobalSection
EndGlobal
