
Microsoft Visual Studio Solution File, Format Version 12.00
# Visual Studio 15
VisualStudioVersion = 15.0.28307.168
MinimumVisualStudioVersion = 10.0.40219.1
Project("{FAE04EC0-301F-11D3-BF4B-00C04F79EFBC}") = "Recursive Addition 2", "Recursive Addition 2\Recursive Addition 2.csproj", "{23240E23-A99C-454B-AEBB-D91ED00025FE}"
EndProject
Global
	GlobalSection(SolutionConfigurationPlatforms) = preSolution
		Debug|Any CPU = Debug|Any CPU
		Release|Any CPU = Release|Any CPU
	EndGlobalSection
	GlobalSection(ProjectConfigurationPlatforms) = postSolution
		{23240E23-A99C-454B-AEBB-D91ED00025FE}.Debug|Any CPU.ActiveCfg = Debug|Any CPU
		{23240E23-A99C-454B-AEBB-D91ED00025FE}.Debug|Any CPU.Build.0 = Debug|Any CPU
		{23240E23-A99C-454B-AEBB-D91ED00025FE}.Release|Any CPU.ActiveCfg = Release|Any CPU
		{23240E23-A99C-454B-AEBB-D91ED00025FE}.Release|Any CPU.Build.0 = Release|Any CPU
	EndGlobalSection
	GlobalSection(SolutionProperties) = preSolution
		HideSolutionNode = FALSE
	EndGlobalSection
	GlobalSection(ExtensibilityGlobals) = postSolution
		SolutionGuid = {C799D22B-E057-4914-B4DF-5E716101807C}
	EndGlobalSection
EndGlobal
